<?xml version="1.0" encoding="utf-8"?>
<Project ToolsVersion="4.0" xmlns="http://schemas.microsoft.com/developer/msbuild/2003">
  <ItemGroup>
    <Filter Include="Source Files">
      <UniqueIdentifier>{4FC737F1-C7A5-4376-A066-2A32D752A2FF}</UniqueIdentifier>
      <Extensions>cpp;c;cc;cxx;c++;cppm;ixx;def;odl;idl;hpj;bat;asm;asmx</Extensions>
    </Filter>
    <Filter Include="Header Files">
      <UniqueIdentifier>{93995380-89BD-4b04-88EB-625FBE52EBFB}</UniqueIdentifier>
      <Extensions>h;hh;hpp;hxx;h++;hm;inl;inc;ipp;xsd</Extensions>
    </Filter>
    <Filter Include="Resource Files">
      <UniqueIdentifier>{67DA6AB6-F800-4c08-8B7A-83BB121AAD01}</UniqueIdentifier>
      <Extensions>rc;ico;cur;bmp;dlg;rc2;rct;bin;rgs;gif;jpg;jpeg;jpe;resx;tiff;tif;png;wav;mfcribbon-ms</Extensions>
    </Filter>
    <Filter Include="Header Files\Shaders">
      <UniqueIdentifier>{cb44e210-2f8e-4e35-a88c-7ba466efad77}</UniqueIdentifier>
    </Filter>
    <Filter Include="Resource Files\Shader">
      <UniqueIdentifier>{36ef19a0-1fb3-4b3d-a077-663f02dcb6d6}</UniqueIdentifier>
    </Filter>
    <Filter Include="Resource Files\Shader\Vertices Shader">
      <UniqueIdentifier>{69a71dee-161b-4679-bb78-d17bc5bbd44f}</UniqueIdentifier>
    </Filter>
    <Filter Include="Resource Files\Shader\Fragment Shader">
      <UniqueIdentifier>{c563970e-26bf-45ea-a18a-5731f469ec85}</UniqueIdentifier>
    </Filter>
  </ItemGroup>
  <ItemGroup>
    <ClCompile Include="glad.c">
      <Filter>Source Files</Filter>
    </ClCompile>
    <ClCompile Include="Main.cpp">
      <Filter>Source Files</Filter>
    </ClCompile>
  </ItemGroup>
  <ItemGroup>
    <ClInclude Include="shader_s.h">
      <Filter>Header Files\Shaders</Filter>
    </ClInclude>
  </ItemGroup>
  <ItemGroup>
    <None Include="3.3.shader.frag">
      <Filter>Resource Files\Shader\Fragment Shader</Filter>
    </None>
    <None Include="3.3.shader.vert">
      <Filter>Resource Files\Shader\Vertices Shader</Filter>
    </None>
  </ItemGroup>
</Project>